
Microsoft Visual Studio Solution File, Format Version 12.00
# Visual Studio Version 17
VisualStudioVersion = 17.9.34607.119
MinimumVisualStudioVersion = 10.0.40219.1
Project("{FAE04EC0-301F-11D3-BF4B-00C04F79EFBC}") = "diplom", "diplom.csproj", "{29E25B40-AACD-4962-9C63-614D6B8F68B3}"
EndProject
Global
	GlobalSection(SolutionConfigurationPlatforms) = preSolution
		Debug|Any CPU = Debug|Any CPU
		Release|Any CPU = Release|Any CPU
	EndGlobalSection
	GlobalSection(ProjectConfigurationPlatforms) = postSolution
		{29E25B40-AACD-4962-9C63-614D6B8F68B3}.Debug|Any CPU.ActiveCfg = Debug|Any CPU
		{29E25B40-AACD-4962-9C63-614D6B8F68B3}.Debug|Any CPU.Build.0 = Debug|Any CPU
		{29E25B40-AACD-4962-9C63-614D6B8F68B3}.Release|Any CPU.ActiveCfg = Release|Any CPU
		{29E25B40-AACD-4962-9C63-614D6B8F68B3}.Release|Any CPU.Build.0 = Release|Any CPU
	EndGlobalSection
	GlobalSection(SolutionProperties) = preSolution
		HideSolutionNode = FALSE
	EndGlobalSection
	GlobalSection(ExtensibilityGlobals) = postSolution
		SolutionGuid = {7D747A9A-1D4C-4B38-8631-4108369B03DC}
	EndGlobalSection
EndGlobal
